{
  "version": 4,
  "terraform_version": "1.3.3",
  "serial": 142,
  "lineage": "c3fb8bc9-51e3-95f2-e534-0bd07c972895",
  "outputs": {
    "AMI_number": {
      "value": "ami-010857ac953f294db",
      "type": "string"
    },
    "lb_dns": {
      "value": "motiva-lb-1214733455.eu-west-2.elb.amazonaws.com",
      "type": "string"
    },
    "wordpress_ip": {
      "value": "18.130.251.209",
      "type": "string"
    }
  },
  "resources": [
    {
      "mode": "managed",
      "type": "aws_ami_from_instance",
      "name": "motiva_ami",
      "provider": "provider[\"registry.terraform.io/hashicorp/aws\"]",
      "instances": [
        {
          "schema_version": 0,
          "attributes": {
            "architecture": "x86_64",
            "arn": "arn:aws:ec2:eu-west-2::image/ami-010857ac953f294db",
            "boot_mode": "",
            "deprecation_time": "",
            "description": "",
            "ebs_block_device": [
              {
                "delete_on_termination": true,
                "device_name": "/dev/sda1",
                "encrypted": false,
                "iops": 0,
                "outpost_arn": "",
                "snapshot_id": "snap-036892927caa82f21",
                "throughput": 0,
                "volume_size": 10,
                "volume_type": "gp2"
              }
            ],
            "ena_support": true,
            "ephemeral_block_device": [],
            "hypervisor": "xen",
            "id": "ami-010857ac953f294db",
            "image_location": "420490039960/motiva_ami",
            "image_owner_alias": "",
            "image_type": "machine",
            "imds_support": "",
            "kernel_id": "",
            "manage_ebs_snapshots": true,
            "name": "motiva_ami",
            "owner_id": "420490039960",
            "platform": "",
            "platform_details": "Red Hat Enterprise Linux",
            "public": false,
            "ramdisk_id": "",
            "root_device_name": "/dev/sda1",
            "root_snapshot_id": "snap-036892927caa82f21",
            "snapshot_without_reboot": null,
            "source_instance_id": "i-0ce14f41c87f1da64",
            "sriov_net_support": "simple",
            "tags": {},
            "tags_all": {},
            "timeouts": null,
            "tpm_support": "",
            "usage_operation": "RunInstances:0010",
            "virtualization_type": "hvm"
          },
          "sensitive_attributes": [],
          "private": "eyJlMmJmYjczMC1lY2FhLTExZTYtOGY4OC0zNDM2M2JjN2M0YzAiOnsiY3JlYXRlIjoyNDAwMDAwMDAwMDAwLCJkZWxldGUiOjU0MDAwMDAwMDAwMDAsInVwZGF0ZSI6MjQwMDAwMDAwMDAwMH19",
          "dependencies": [
            "aws_db_instance.motiva_rds",
            "aws_db_subnet_group.motiva_sub_g",
            "aws_iam_instance_profile.motiva_profile",
            "aws_iam_role.motiva_role2",
            "aws_instance.motiva_wordpress",
            "aws_key_pair.pacaad",
            "aws_security_group.motiva_be_sg",
            "aws_security_group.motiva_fe_sg",
            "aws_subnet.motiva_prv_subnet1",
            "aws_subnet.motiva_prv_subnet2",
            "aws_subnet.motiva_pub_subnet1",
            "aws_vpc.motiva_vpc"
          ]
        }
      ]
    },
    {
      "mode": "managed",
      "type": "aws_autoscaling_group",
      "name": "motiva_asg",
      "provider": "provider[\"registry.terraform.io/hashicorp/aws\"]",
      "instances": [
        {
          "schema_version": 0,
          "attributes": {
            "arn": "arn:aws:autoscaling:eu-west-2:420490039960:autoScalingGroup:b8ff7910-9311-4676-9219-ff6bc71777a9:autoScalingGroupName/motiva_asg",
            "availability_zones": [
              "eu-west-2a",
              "eu-west-2b"
            ],
            "capacity_rebalance": false,
            "context": "",
            "default_cooldown": 300,
            "default_instance_warmup": 0,
            "desired_capacity": 4,
            "enabled_metrics": [],
            "force_delete": true,
            "force_delete_warm_pool": false,
            "health_check_grace_period": 300,
            "health_check_type": "ELB",
            "id": "motiva_asg",
            "initial_lifecycle_hook": [],
            "instance_refresh": [],
            "launch_configuration": "motiva_lc",
            "launch_template": [],
            "load_balancers": [],
            "max_instance_lifetime": 0,
            "max_size": 5,
            "metrics_granularity": "1Minute",
            "min_elb_capacity": null,
            "min_size": 2,
            "mixed_instances_policy": [],
            "name": "motiva_asg",
            "name_prefix": "",
            "placement_group": "",
            "protect_from_scale_in": false,
            "service_linked_role_arn": "arn:aws:iam::420490039960:role/aws-service-role/autoscaling.amazonaws.com/AWSServiceRoleForAutoScaling",
            "suspended_processes": [],
            "tag": [
              {
                "key": "name",
                "propagate_at_launch": true,
                "value": "motiva_asg"
              }
            ],
            "tags": null,
            "target_group_arns": [
              "arn:aws:elasticloadbalancing:eu-west-2:420490039960:targetgroup/wordpress-lb-tg/23348e0e7c7a734a"
            ],
            "termination_policies": [],
            "timeouts": null,
            "vpc_zone_identifier": [
              "subnet-051d8bb3dc8347aad",
              "subnet-068a2b9b3aaaf00a6"
            ],
            "wait_for_capacity_timeout": "10m",
            "wait_for_elb_capacity": null,
            "warm_pool": []
          },
          "sensitive_attributes": [],
          "private": "eyJlMmJmYjczMC1lY2FhLTExZTYtOGY4OC0zNDM2M2JjN2M0YzAiOnsiZGVsZXRlIjo2MDAwMDAwMDAwMDAsInVwZGF0ZSI6NjAwMDAwMDAwMDAwfX0=",
          "dependencies": [
            "aws_ami_from_instance.motiva_ami",
            "aws_db_instance.motiva_rds",
            "aws_db_subnet_group.motiva_sub_g",
            "aws_iam_instance_profile.motiva_profile",
            "aws_iam_role.motiva_role2",
            "aws_instance.motiva_wordpress",
            "aws_key_pair.pacaad",
            "aws_launch_configuration.motiva_lc",
            "aws_lb_target_group.wordpress-lb-tg",
            "aws_security_group.motiva_be_sg",
            "aws_security_group.motiva_fe_sg",
            "aws_subnet.motiva_prv_subnet1",
            "aws_subnet.motiva_prv_subnet2",
            "aws_subnet.motiva_pub_subnet1",
            "aws_subnet.motiva_pub_subnet2",
            "aws_vpc.motiva_vpc"
          ]
        }
      ]
    },
    {
      "mode": "managed",
      "type": "aws_autoscaling_policy",
      "name": "motiva_policy",
      "provider": "provider[\"registry.terraform.io/hashicorp/aws\"]",
      "instances": [
        {
          "schema_version": 0,
          "attributes": {
            "adjustment_type": "",
            "arn": "arn:aws:autoscaling:eu-west-2:420490039960:scalingPolicy:154414f3-4e7a-4dab-9244-c5aac185c84f:autoScalingGroupName/motiva_asg:policyName/motiva_policy",
            "autoscaling_group_name": "motiva_asg",
            "cooldown": 0,
            "enabled": true,
            "estimated_instance_warmup": 0,
            "id": "motiva_policy",
            "metric_aggregation_type": "",
            "min_adjustment_magnitude": null,
            "name": "motiva_policy",
            "policy_type": "TargetTrackingScaling",
            "predictive_scaling_configuration": [],
            "scaling_adjustment": 0,
            "step_adjustment": [],
            "target_tracking_configuration": [
              {
                "customized_metric_specification": [],
                "disable_scale_in": false,
                "predefined_metric_specification": [
                  {
                    "predefined_metric_type": "ASGAverageCPUUtilization",
                    "resource_label": ""
                  }
                ],
                "target_value": 60
              }
            ]
          },
          "sensitive_attributes": [],
          "private": "bnVsbA==",
          "dependencies": [
            "aws_ami_from_instance.motiva_ami",
            "aws_autoscaling_group.motiva_asg",
            "aws_db_instance.motiva_rds",
            "aws_db_subnet_group.motiva_sub_g",
            "aws_iam_instance_profile.motiva_profile",
            "aws_iam_role.motiva_role2",
            "aws_instance.motiva_wordpress",
            "aws_key_pair.pacaad",
            "aws_launch_configuration.motiva_lc",
            "aws_lb_target_group.wordpress-lb-tg",
            "aws_security_group.motiva_be_sg",
            "aws_security_group.motiva_fe_sg",
            "aws_subnet.motiva_prv_subnet1",
            "aws_subnet.motiva_prv_subnet2",
            "aws_subnet.motiva_pub_subnet1",
            "aws_subnet.motiva_pub_subnet2",
            "aws_vpc.motiva_vpc"
          ]
        }
      ]
    },
    {
      "mode": "managed",
      "type": "aws_db_instance",
      "name": "motiva_rds",
      "provider": "provider[\"registry.terraform.io/hashicorp/aws\"]",
      "instances": [
        {
          "schema_version": 1,
          "attributes": {
            "address": "motivadb.cpelywr6pjjc.eu-west-2.rds.amazonaws.com",
            "allocated_storage": 10,
            "allow_major_version_upgrade": null,
            "apply_immediately": null,
            "arn": "arn:aws:rds:eu-west-2:420490039960:db:motivadb",
            "auto_minor_version_upgrade": true,
            "availability_zone": "eu-west-2a",
            "backup_retention_period": 0,
            "backup_window": "23:34-00:04",
            "ca_cert_identifier": "rds-ca-2019",
            "character_set_name": "",
            "copy_tags_to_snapshot": false,
            "custom_iam_instance_profile": "",
            "customer_owned_ip_enabled": false,
            "db_name": "motivadbname",
            "db_subnet_group_name": "motiva_sub_g",
            "delete_automated_backups": true,
            "deletion_protection": false,
            "domain": "",
            "domain_iam_role_name": "",
            "enabled_cloudwatch_logs_exports": null,
            "endpoint": "motivadb.cpelywr6pjjc.eu-west-2.rds.amazonaws.com:3306",
            "engine": "mysql",
            "engine_version": "5.7",
            "engine_version_actual": "5.7.38",
            "final_snapshot_identifier": null,
            "hosted_zone_id": "Z1TTGA775OQIYO",
            "iam_database_authentication_enabled": false,
            "id": "motivadb",
            "identifier": "motivadb",
            "identifier_prefix": "",
            "instance_class": "db.t2.micro",
            "iops": 0,
            "kms_key_id": "",
            "latest_restorable_time": "",
            "license_model": "general-public-license",
            "maintenance_window": "sun:04:20-sun:04:50",
            "max_allocated_storage": 0,
            "monitoring_interval": 0,
            "monitoring_role_arn": "",
            "multi_az": true,
            "name": "motivadbname",
            "nchar_character_set_name": "",
            "network_type": "IPV4",
            "option_group_name": "default:mysql-5-7",
            "parameter_group_name": "default.mysql5.7",
            "password": "Set10Admin",
            "performance_insights_enabled": false,
            "performance_insights_kms_key_id": "",
            "performance_insights_retention_period": 0,
            "port": 3306,
            "publicly_accessible": false,
            "replica_mode": "",
            "replicas": [],
            "replicate_source_db": "",
            "resource_id": "db-42EYQA4L2NB3JPBXXMBK74OVEY",
            "restore_to_point_in_time": [],
            "s3_import": [],
            "security_group_names": null,
            "skip_final_snapshot": true,
            "snapshot_identifier": null,
            "status": "available",
            "storage_encrypted": false,
            "storage_type": "gp2",
            "tags": null,
            "tags_all": {},
            "timeouts": null,
            "timezone": "",
            "username": "motivauser",
            "vpc_security_group_ids": [
              "sg-0c394f57e6c1147b8"
            ]
          },
          "sensitive_attributes": [],
          "private": "eyJlMmJmYjczMC1lY2FhLTExZTYtOGY4OC0zNDM2M2JjN2M0YzAiOnsiY3JlYXRlIjoyNDAwMDAwMDAwMDAwLCJkZWxldGUiOjM2MDAwMDAwMDAwMDAsInVwZGF0ZSI6NDgwMDAwMDAwMDAwMH0sInNjaGVtYV92ZXJzaW9uIjoiMSJ9",
          "dependencies": [
            "aws_db_subnet_group.motiva_sub_g",
            "aws_security_group.motiva_be_sg",
            "aws_subnet.motiva_prv_subnet1",
            "aws_subnet.motiva_prv_subnet2",
            "aws_vpc.motiva_vpc"
          ]
        }
      ]
    },
    {
      "mode": "managed",
      "type": "aws_db_subnet_group",
      "name": "motiva_sub_g",
      "provider": "provider[\"registry.terraform.io/hashicorp/aws\"]",
      "instances": [
        {
          "schema_version": 0,
          "attributes": {
            "arn": "arn:aws:rds:eu-west-2:420490039960:subgrp:motiva_sub_g",
            "description": "Managed by Terraform",
            "id": "motiva_sub_g",
            "name": "motiva_sub_g",
            "name_prefix": "",
            "subnet_ids": [
              "subnet-0b5853eb795621918",
              "subnet-0dacf972e9bc11700"
            ],
            "supported_network_types": [
              "IPV4"
            ],
            "tags": {
              "Name": "motiva_sub_g"
            },
            "tags_all": {
              "Name": "motiva_sub_g"
            }
          },
          "sensitive_attributes": [],
          "private": "bnVsbA==",
          "dependencies": [
            "aws_subnet.motiva_prv_subnet1",
            "aws_subnet.motiva_prv_subnet2",
            "aws_vpc.motiva_vpc"
          ]
        }
      ]
    },
    {
      "mode": "managed",
      "type": "aws_eip",
      "name": "motiva_eip",
      "provider": "provider[\"registry.terraform.io/hashicorp/aws\"]",
      "instances": [
        {
          "schema_version": 0,
          "attributes": {
            "address": null,
            "allocation_id": "eipalloc-0bc500cf26c856e1e",
            "associate_with_private_ip": null,
            "association_id": "eipassoc-074c83c61758a16fd",
            "carrier_ip": "",
            "customer_owned_ip": "",
            "customer_owned_ipv4_pool": "",
            "domain": "vpc",
            "id": "eipalloc-0bc500cf26c856e1e",
            "instance": "",
            "network_border_group": "eu-west-2",
            "network_interface": "eni-0c50d85ab24c51783",
            "private_dns": "ip-10-0-1-7.eu-west-2.compute.internal",
            "private_ip": "10.0.1.7",
            "public_dns": "ec2-18-133-83-51.eu-west-2.compute.amazonaws.com",
            "public_ip": "18.133.83.51",
            "public_ipv4_pool": "amazon",
            "tags": {},
            "tags_all": {},
            "timeouts": null,
            "vpc": true
          },
          "sensitive_attributes": [],
          "private": "eyJlMmJmYjczMC1lY2FhLTExZTYtOGY4OC0zNDM2M2JjN2M0YzAiOnsiZGVsZXRlIjoxODAwMDAwMDAwMDAsInJlYWQiOjkwMDAwMDAwMDAwMCwidXBkYXRlIjozMDAwMDAwMDAwMDB9fQ=="
        }
      ]
    },
    {
      "mode": "managed",
      "type": "aws_iam_instance_profile",
      "name": "motiva_profile",
      "provider": "provider[\"registry.terraform.io/hashicorp/aws\"]",
      "instances": [
        {
          "schema_version": 0,
          "attributes": {
            "arn": "arn:aws:iam::420490039960:instance-profile/motiva_profile",
            "create_date": "2022-11-16T21:58:41Z",
            "id": "motiva_profile",
            "name": "motiva_profile",
            "name_prefix": null,
            "path": "/",
            "role": "motiva_role2",
            "tags": {},
            "tags_all": {},
            "unique_id": "AIPAWDZZI2KMEXAFSD5NY"
          },
          "sensitive_attributes": [],
          "private": "bnVsbA==",
          "dependencies": [
            "aws_iam_role.motiva_role2"
          ]
        }
      ]
    },
    {
      "mode": "managed",
      "type": "aws_iam_role",
      "name": "motiva_role2",
      "provider": "provider[\"registry.terraform.io/hashicorp/aws\"]",
      "instances": [
        {
          "schema_version": 0,
          "attributes": {
            "arn": "arn:aws:iam::420490039960:role/motiva_role2",
            "assume_role_policy": "{\"Statement\":[{\"Action\":\"sts:AssumeRole\",\"Effect\":\"Allow\",\"Principal\":{\"Service\":\"ec2.amazonaws.com\"},\"Sid\":\"\"}],\"Version\":\"2012-10-17\"}",
            "create_date": "2022-11-16T21:58:39Z",
            "description": "",
            "force_detach_policies": false,
            "id": "motiva_role2",
            "inline_policy": [],
            "managed_policy_arns": [
              "arn:aws:iam::aws:policy/AmazonS3FullAccess"
            ],
            "max_session_duration": 3600,
            "name": "motiva_role2",
            "name_prefix": "",
            "path": "/",
            "permissions_boundary": null,
            "tags": {
              "tag-key": "tag-value"
            },
            "tags_all": {
              "tag-key": "tag-value"
            },
            "unique_id": "AROAWDZZI2KMK4V7ST3ZI"
          },
          "sensitive_attributes": [],
          "private": "bnVsbA=="
        }
      ]
    },
    {
      "mode": "managed",
      "type": "aws_iam_role_policy_attachment",
      "name": "motiva-attach",
      "provider": "provider[\"registry.terraform.io/hashicorp/aws\"]",
      "instances": [
        {
          "schema_version": 0,
          "attributes": {
            "id": "motiva_role2-20221116215840734200000001",
            "policy_arn": "arn:aws:iam::aws:policy/AmazonS3FullAccess",
            "role": "motiva_role2"
          },
          "sensitive_attributes": [],
          "private": "bnVsbA==",
          "dependencies": [
            "aws_iam_role.motiva_role2"
          ]
        }
      ]
    },
    {
      "mode": "managed",
      "type": "aws_instance",
      "name": "motiva_wordpress",
      "provider": "provider[\"registry.terraform.io/hashicorp/aws\"]",
      "instances": [
        {
          "schema_version": 1,
          "attributes": {
            "ami": "ami-035c5dc086849b5de",
            "arn": "arn:aws:ec2:eu-west-2:420490039960:instance/i-0ce14f41c87f1da64",
            "associate_public_ip_address": true,
            "availability_zone": "eu-west-2a",
            "capacity_reservation_specification": [
              {
                "capacity_reservation_preference": "open",
                "capacity_reservation_target": []
              }
            ],
            "cpu_core_count": 1,
            "cpu_threads_per_core": 1,
            "credit_specification": [
              {
                "cpu_credits": "standard"
              }
            ],
            "disable_api_stop": false,
            "disable_api_termination": false,
            "ebs_block_device": [],
            "ebs_optimized": false,
            "enclave_options": [
              {
                "enabled": false
              }
            ],
            "ephemeral_block_device": [],
            "get_password_data": false,
            "hibernation": false,
            "host_id": null,
            "host_resource_group_arn": null,
            "iam_instance_profile": "motiva_profile",
            "id": "i-0ce14f41c87f1da64",
            "instance_initiated_shutdown_behavior": "stop",
            "instance_state": "running",
            "instance_type": "t2.micro",
            "ipv6_address_count": 0,
            "ipv6_addresses": [],
            "key_name": "pacaad",
            "launch_template": [],
            "maintenance_options": [
              {
                "auto_recovery": "default"
              }
            ],
            "metadata_options": [
              {
                "http_endpoint": "enabled",
                "http_put_response_hop_limit": 1,
                "http_tokens": "optional",
                "instance_metadata_tags": "disabled"
              }
            ],
            "monitoring": false,
            "network_interface": [],
            "outpost_arn": "",
            "password_data": "",
            "placement_group": "",
            "placement_partition_number": null,
            "primary_network_interface_id": "eni-0b0e2afbbb21ee1d1",
            "private_dns": "ip-10-0-1-165.eu-west-2.compute.internal",
            "private_dns_name_options": [
              {
                "enable_resource_name_dns_a_record": false,
                "enable_resource_name_dns_aaaa_record": false,
                "hostname_type": "ip-name"
              }
            ],
            "private_ip": "10.0.1.165",
            "public_dns": "",
            "public_ip": "13.40.166.40",
            "root_block_device": [
              {
                "delete_on_termination": true,
                "device_name": "/dev/sda1",
                "encrypted": false,
                "iops": 100,
                "kms_key_id": "",
                "tags": {},
                "throughput": 0,
                "volume_id": "vol-0527b332b1544450c",
                "volume_size": 10,
                "volume_type": "gp2"
              }
            ],
            "secondary_private_ips": [],
            "security_groups": [],
            "source_dest_check": true,
            "subnet_id": "subnet-051d8bb3dc8347aad",
            "tags": {
              "Name": "motiva_wordpress"
            },
            "tags_all": {
              "Name": "motiva_wordpress"
            },
            "tenancy": "default",
            "timeouts": null,
            "user_data": "ea84fcb7e3f6e165c5713e5dc59fdf0d9496ef8f",
            "user_data_base64": null,
            "user_data_replace_on_change": false,
            "volume_tags": null,
            "vpc_security_group_ids": [
              "sg-0f1dd32a89bd03833"
            ]
          },
          "sensitive_attributes": [],
          "private": "eyJlMmJmYjczMC1lY2FhLTExZTYtOGY4OC0zNDM2M2JjN2M0YzAiOnsiY3JlYXRlIjo2MDAwMDAwMDAwMDAsImRlbGV0ZSI6MTIwMDAwMDAwMDAwMCwidXBkYXRlIjo2MDAwMDAwMDAwMDB9LCJzY2hlbWFfdmVyc2lvbiI6IjEifQ==",
          "dependencies": [
            "aws_db_instance.motiva_rds",
            "aws_db_subnet_group.motiva_sub_g",
            "aws_iam_instance_profile.motiva_profile",
            "aws_iam_role.motiva_role2",
            "aws_key_pair.pacaad",
            "aws_security_group.motiva_be_sg",
            "aws_security_group.motiva_fe_sg",
            "aws_subnet.motiva_prv_subnet1",
            "aws_subnet.motiva_prv_subnet2",
            "aws_subnet.motiva_pub_subnet1",
            "aws_vpc.motiva_vpc"
          ]
        }
      ]
    },
    {
      "mode": "managed",
      "type": "aws_internet_gateway",
      "name": "motiva_gw",
      "provider": "provider[\"registry.terraform.io/hashicorp/aws\"]",
      "instances": [
        {
          "schema_version": 0,
          "attributes": {
            "arn": "arn:aws:ec2:eu-west-2:420490039960:internet-gateway/igw-0e207b1b250704391",
            "id": "igw-0e207b1b250704391",
            "owner_id": "420490039960",
            "tags": {
              "Name": "motiva_gw"
            },
            "tags_all": {
              "Name": "motiva_gw"
            },
            "timeouts": null,
            "vpc_id": "vpc-05cafc63ecc5bd190"
          },
          "sensitive_attributes": [],
          "private": "eyJlMmJmYjczMC1lY2FhLTExZTYtOGY4OC0zNDM2M2JjN2M0YzAiOnsiY3JlYXRlIjoxMjAwMDAwMDAwMDAwLCJkZWxldGUiOjEyMDAwMDAwMDAwMDAsInVwZGF0ZSI6MTIwMDAwMDAwMDAwMH19",
          "dependencies": [
            "aws_vpc.motiva_vpc"
          ]
        }
      ]
    },
    {
      "mode": "managed",
      "type": "aws_key_pair",
      "name": "pacaad",
      "provider": "provider[\"registry.terraform.io/hashicorp/aws\"]",
      "instances": [
        {
          "schema_version": 1,
          "attributes": {
            "arn": "arn:aws:ec2:eu-west-2:420490039960:key-pair/pacaad",
            "fingerprint": "a8:4d:cc:45:13:41:3d:2e:0c:b4:ce:86:53:a2:6f:3b",
            "id": "pacaad",
            "key_name": "pacaad",
            "key_name_prefix": "",
            "key_pair_id": "key-0e542e2620c3bb47b",
            "key_type": "rsa",
            "public_key": "ssh-rsa AAAAB3NzaC1yc2EAAAADAQABAAABgQDOpImzAZQBe0FgPfpUtm4/2k7UqIe/JyLURvQs+SYCCKwDbsQXPBqQEHUioIaj60LLFJt+CBwRuq/UpOfiJBhC8xim5w7/G6xUB9DqSzYiW8oKOus5Rkp8nMmnkPp2PjFvtVf30uhylVcal02myciyAC53iwPNRpOgR8QTwzr2CGbOGhJaKiqMk1aIvV/FWtOCBCNXqKAmKg5CnEu4FFpVx/QeJaBzbRA6RqKJZwLamHy52o4vMu0VtiV5evge1cCYqm9sgl9Nu1ML9uqZToUIqUbMkmLW8tgHVZleXCKbw7AspCo8P+cHaDdYJsqD2E+Z3wZ6ikSe7iqFcS96tP46tdD5A+qBJm5ST1rkttL3f/o5QkPJPhA5+48Lmksk8TS6+OVn8epr+h/iDuz+NAFXflvatctRlIrDXUhbCFLOiBlku2EQiwR+uW2q57C4ZnJHmapVZ1CgeJmZfNMBY5Vc+yjppLbo7pnifclk8lrsrXlZq7T7mMMACT6FYC4EvtU= petra@admins-MacBook-Pro.local",
            "tags": {},
            "tags_all": {}
          },
          "sensitive_attributes": [],
          "private": "eyJzY2hlbWFfdmVyc2lvbiI6IjEifQ=="
        }
      ]
    },
    {
      "mode": "managed",
      "type": "aws_launch_configuration",
      "name": "motiva_lc",
      "provider": "provider[\"registry.terraform.io/hashicorp/aws\"]",
      "instances": [
        {
          "schema_version": 0,
          "attributes": {
            "arn": "arn:aws:autoscaling:eu-west-2:420490039960:launchConfiguration:7cca6bc0-b230-4412-8925-c7052c3d6022:launchConfigurationName/motiva_lc",
            "associate_public_ip_address": true,
            "ebs_block_device": [],
            "ebs_optimized": false,
            "enable_monitoring": true,
            "ephemeral_block_device": [],
            "iam_instance_profile": "motiva_profile",
            "id": "motiva_lc",
            "image_id": "ami-010857ac953f294db",
            "instance_type": "t2.micro",
            "key_name": "pacaad",
            "metadata_options": [],
            "name": "motiva_lc",
            "name_prefix": "",
            "placement_tenancy": "",
            "root_block_device": [],
            "security_groups": [
              "sg-0f1dd32a89bd03833"
            ],
            "spot_price": "",
            "user_data": "9f54b4849b48e06ffd302a4cf94af767e4708e4a",
            "user_data_base64": null,
            "vpc_classic_link_id": "",
            "vpc_classic_link_security_groups": []
          },
          "sensitive_attributes": [],
          "private": "bnVsbA==",
          "dependencies": [
            "aws_ami_from_instance.motiva_ami",
            "aws_db_instance.motiva_rds",
            "aws_db_subnet_group.motiva_sub_g",
            "aws_iam_instance_profile.motiva_profile",
            "aws_iam_role.motiva_role2",
            "aws_instance.motiva_wordpress",
            "aws_key_pair.pacaad",
            "aws_security_group.motiva_be_sg",
            "aws_security_group.motiva_fe_sg",
            "aws_subnet.motiva_prv_subnet1",
            "aws_subnet.motiva_prv_subnet2",
            "aws_subnet.motiva_pub_subnet1",
            "aws_vpc.motiva_vpc"
          ]
        }
      ]
    },
    {
      "mode": "managed",
      "type": "aws_lb",
      "name": "motiva-lb",
      "provider": "provider[\"registry.terraform.io/hashicorp/aws\"]",
      "instances": [
        {
          "schema_version": 0,
          "attributes": {
            "access_logs": [
              {
                "bucket": "",
                "enabled": false,
                "prefix": ""
              }
            ],
            "arn": "arn:aws:elasticloadbalancing:eu-west-2:420490039960:loadbalancer/app/motiva-lb/23f7049db936fcde",
            "arn_suffix": "app/motiva-lb/23f7049db936fcde",
            "customer_owned_ipv4_pool": "",
            "desync_mitigation_mode": "defensive",
            "dns_name": "motiva-lb-1214733455.eu-west-2.elb.amazonaws.com",
            "drop_invalid_header_fields": false,
            "enable_cross_zone_load_balancing": true,
            "enable_deletion_protection": false,
            "enable_http2": true,
            "enable_waf_fail_open": false,
            "id": "arn:aws:elasticloadbalancing:eu-west-2:420490039960:loadbalancer/app/motiva-lb/23f7049db936fcde",
            "idle_timeout": 60,
            "internal": false,
            "ip_address_type": "ipv4",
            "load_balancer_type": "application",
            "name": "motiva-lb",
            "name_prefix": null,
            "preserve_host_header": false,
            "security_groups": [
              "sg-0f1dd32a89bd03833"
            ],
            "subnet_mapping": [
              {
                "allocation_id": "",
                "ipv6_address": "",
                "outpost_id": "",
                "private_ipv4_address": "",
                "subnet_id": "subnet-051d8bb3dc8347aad"
              },
              {
                "allocation_id": "",
                "ipv6_address": "",
                "outpost_id": "",
                "private_ipv4_address": "",
                "subnet_id": "subnet-068a2b9b3aaaf00a6"
              }
            ],
            "subnets": [
              "subnet-051d8bb3dc8347aad",
              "subnet-068a2b9b3aaaf00a6"
            ],
            "tags": {
              "Name": "motiva-lb"
            },
            "tags_all": {
              "Name": "motiva-lb"
            },
            "timeouts": null,
            "vpc_id": "vpc-05cafc63ecc5bd190",
            "zone_id": "ZHURV8PSTC4K8"
          },
          "sensitive_attributes": [],
          "private": "eyJlMmJmYjczMC1lY2FhLTExZTYtOGY4OC0zNDM2M2JjN2M0YzAiOnsiY3JlYXRlIjo2MDAwMDAwMDAwMDAsImRlbGV0ZSI6NjAwMDAwMDAwMDAwLCJ1cGRhdGUiOjYwMDAwMDAwMDAwMH19",
          "dependencies": [
            "aws_security_group.motiva_fe_sg",
            "aws_subnet.motiva_pub_subnet1",
            "aws_subnet.motiva_pub_subnet2",
            "aws_vpc.motiva_vpc"
          ]
        }
      ]
    },
    {
      "mode": "managed",
      "type": "aws_lb_listener",
      "name": "motiva_lb_listener",
      "provider": "provider[\"registry.terraform.io/hashicorp/aws\"]",
      "instances": [
        {
          "schema_version": 0,
          "attributes": {
            "alpn_policy": null,
            "arn": "arn:aws:elasticloadbalancing:eu-west-2:420490039960:listener/app/motiva-lb/23f7049db936fcde/f6045d5c707d1b90",
            "certificate_arn": null,
            "default_action": [
              {
                "authenticate_cognito": [],
                "authenticate_oidc": [],
                "fixed_response": [],
                "forward": [],
                "order": 1,
                "redirect": [],
                "target_group_arn": "arn:aws:elasticloadbalancing:eu-west-2:420490039960:targetgroup/wordpress-lb-tg/23348e0e7c7a734a",
                "type": "forward"
              }
            ],
            "id": "arn:aws:elasticloadbalancing:eu-west-2:420490039960:listener/app/motiva-lb/23f7049db936fcde/f6045d5c707d1b90",
            "load_balancer_arn": "arn:aws:elasticloadbalancing:eu-west-2:420490039960:loadbalancer/app/motiva-lb/23f7049db936fcde",
            "port": 80,
            "protocol": "HTTP",
            "ssl_policy": "",
            "tags": {},
            "tags_all": {},
            "timeouts": null
          },
          "sensitive_attributes": [],
          "private": "eyJlMmJmYjczMC1lY2FhLTExZTYtOGY4OC0zNDM2M2JjN2M0YzAiOnsicmVhZCI6NjAwMDAwMDAwMDAwfX0=",
          "dependencies": [
            "aws_lb.motiva-lb",
            "aws_lb_target_group.wordpress-lb-tg",
            "aws_security_group.motiva_fe_sg",
            "aws_subnet.motiva_pub_subnet1",
            "aws_subnet.motiva_pub_subnet2",
            "aws_vpc.motiva_vpc"
          ]
        }
      ]
    },
    {
      "mode": "managed",
      "type": "aws_lb_target_group",
      "name": "wordpress-lb-tg",
      "provider": "provider[\"registry.terraform.io/hashicorp/aws\"]",
      "instances": [
        {
          "schema_version": 0,
          "attributes": {
            "arn": "arn:aws:elasticloadbalancing:eu-west-2:420490039960:targetgroup/wordpress-lb-tg/23348e0e7c7a734a",
            "arn_suffix": "targetgroup/wordpress-lb-tg/23348e0e7c7a734a",
            "connection_termination": false,
            "deregistration_delay": "300",
            "health_check": [
              {
                "enabled": true,
                "healthy_threshold": 3,
                "interval": 90,
                "matcher": "200",
                "path": "/indextest.html",
                "port": "traffic-port",
                "protocol": "HTTP",
                "timeout": 60,
                "unhealthy_threshold": 4
              }
            ],
            "id": "arn:aws:elasticloadbalancing:eu-west-2:420490039960:targetgroup/wordpress-lb-tg/23348e0e7c7a734a",
            "ip_address_type": "ipv4",
            "lambda_multi_value_headers_enabled": false,
            "load_balancing_algorithm_type": "round_robin",
            "name": "wordpress-lb-tg",
            "name_prefix": null,
            "port": 80,
            "preserve_client_ip": null,
            "protocol": "HTTP",
            "protocol_version": "HTTP1",
            "proxy_protocol_v2": false,
            "slow_start": 0,
            "stickiness": [
              {
                "cookie_duration": 86400,
                "cookie_name": "",
                "enabled": false,
                "type": "lb_cookie"
              }
            ],
            "tags": {},
            "tags_all": {},
            "target_failover": [
              {
                "on_deregistration": null,
                "on_unhealthy": null
              }
            ],
            "target_type": "instance",
            "vpc_id": "vpc-05cafc63ecc5bd190"
          },
          "sensitive_attributes": [],
          "private": "bnVsbA==",
          "dependencies": [
            "aws_vpc.motiva_vpc"
          ]
        }
      ]
    },
    {
      "mode": "managed",
      "type": "aws_lb_target_group_attachment",
      "name": "motiva_lb_attachment",
      "provider": "provider[\"registry.terraform.io/hashicorp/aws\"]",
      "instances": [
        {
          "schema_version": 0,
          "attributes": {
            "availability_zone": null,
            "id": "arn:aws:elasticloadbalancing:eu-west-2:420490039960:targetgroup/wordpress-lb-tg/23348e0e7c7a734a-20221116215925261700000004",
            "port": 80,
            "target_group_arn": "arn:aws:elasticloadbalancing:eu-west-2:420490039960:targetgroup/wordpress-lb-tg/23348e0e7c7a734a",
            "target_id": "i-0ce14f41c87f1da64"
          },
          "sensitive_attributes": [],
          "private": "bnVsbA==",
          "dependencies": [
            "aws_db_instance.motiva_rds",
            "aws_db_subnet_group.motiva_sub_g",
            "aws_iam_instance_profile.motiva_profile",
            "aws_iam_role.motiva_role2",
            "aws_instance.motiva_wordpress",
            "aws_key_pair.pacaad",
            "aws_lb_target_group.wordpress-lb-tg",
            "aws_security_group.motiva_be_sg",
            "aws_security_group.motiva_fe_sg",
            "aws_subnet.motiva_prv_subnet1",
            "aws_subnet.motiva_prv_subnet2",
            "aws_subnet.motiva_pub_subnet1",
            "aws_vpc.motiva_vpc"
          ]
        }
      ]
    },
    {
      "mode": "managed",
      "type": "aws_nat_gateway",
      "name": "motiva_nat",
      "provider": "provider[\"registry.terraform.io/hashicorp/aws\"]",
      "instances": [
        {
          "schema_version": 0,
          "attributes": {
            "allocation_id": "eipalloc-0bc500cf26c856e1e",
            "connectivity_type": "public",
            "id": "nat-043b540aa6e512236",
            "network_interface_id": "eni-0c50d85ab24c51783",
            "private_ip": "10.0.1.7",
            "public_ip": "18.133.83.51",
            "subnet_id": "subnet-051d8bb3dc8347aad",
            "tags": {
              "Name": "motiva_nat"
            },
            "tags_all": {
              "Name": "motiva_nat"
            }
          },
          "sensitive_attributes": [],
          "private": "bnVsbA==",
          "dependencies": [
            "aws_eip.motiva_eip",
            "aws_subnet.motiva_pub_subnet1",
            "aws_vpc.motiva_vpc"
          ]
        }
      ]
    },
    {
      "mode": "managed",
      "type": "aws_route_table",
      "name": "motiva_Pub_rtb",
      "provider": "provider[\"registry.terraform.io/hashicorp/aws\"]",
      "instances": [
        {
          "schema_version": 0,
          "attributes": {
            "arn": "arn:aws:ec2:eu-west-2:420490039960:route-table/rtb-072a550d4e6c4c5f6",
            "id": "rtb-072a550d4e6c4c5f6",
            "owner_id": "420490039960",
            "propagating_vgws": [],
            "route": [
              {
                "carrier_gateway_id": "",
                "cidr_block": "0.0.0.0/0",
                "core_network_arn": "",
                "destination_prefix_list_id": "",
                "egress_only_gateway_id": "",
                "gateway_id": "igw-0e207b1b250704391",
                "instance_id": "",
                "ipv6_cidr_block": "",
                "local_gateway_id": "",
                "nat_gateway_id": "",
                "network_interface_id": "",
                "transit_gateway_id": "",
                "vpc_endpoint_id": "",
                "vpc_peering_connection_id": ""
              }
            ],
            "tags": {
              "Name": "motiva_gw"
            },
            "tags_all": {
              "Name": "motiva_gw"
            },
            "timeouts": null,
            "vpc_id": "vpc-05cafc63ecc5bd190"
          },
          "sensitive_attributes": [],
          "private": "eyJlMmJmYjczMC1lY2FhLTExZTYtOGY4OC0zNDM2M2JjN2M0YzAiOnsiY3JlYXRlIjozMDAwMDAwMDAwMDAsImRlbGV0ZSI6MzAwMDAwMDAwMDAwLCJ1cGRhdGUiOjEyMDAwMDAwMDAwMH19",
          "dependencies": [
            "aws_internet_gateway.motiva_gw",
            "aws_vpc.motiva_vpc"
          ]
        }
      ]
    },
    {
      "mode": "managed",
      "type": "aws_route_table",
      "name": "motiva_prv_rtb",
      "provider": "provider[\"registry.terraform.io/hashicorp/aws\"]",
      "instances": [
        {
          "schema_version": 0,
          "attributes": {
            "arn": "arn:aws:ec2:eu-west-2:420490039960:route-table/rtb-09cd415466ba79300",
            "id": "rtb-09cd415466ba79300",
            "owner_id": "420490039960",
            "propagating_vgws": [],
            "route": [
              {
                "carrier_gateway_id": "",
                "cidr_block": "0.0.0.0/0",
                "core_network_arn": "",
                "destination_prefix_list_id": "",
                "egress_only_gateway_id": "",
                "gateway_id": "",
                "instance_id": "",
                "ipv6_cidr_block": "",
                "local_gateway_id": "",
                "nat_gateway_id": "nat-043b540aa6e512236",
                "network_interface_id": "",
                "transit_gateway_id": "",
                "vpc_endpoint_id": "",
                "vpc_peering_connection_id": ""
              }
            ],
            "tags": {
              "Name": "motiva_prv_rtb"
            },
            "tags_all": {
              "Name": "motiva_prv_rtb"
            },
            "timeouts": null,
            "vpc_id": "vpc-05cafc63ecc5bd190"
          },
          "sensitive_attributes": [],
          "private": "eyJlMmJmYjczMC1lY2FhLTExZTYtOGY4OC0zNDM2M2JjN2M0YzAiOnsiY3JlYXRlIjozMDAwMDAwMDAwMDAsImRlbGV0ZSI6MzAwMDAwMDAwMDAwLCJ1cGRhdGUiOjEyMDAwMDAwMDAwMH19",
          "dependencies": [
            "aws_eip.motiva_eip",
            "aws_nat_gateway.motiva_nat",
            "aws_subnet.motiva_pub_subnet1",
            "aws_vpc.motiva_vpc"
          ]
        }
      ]
    },
    {
      "mode": "managed",
      "type": "aws_route_table_association",
      "name": "motiva_prv_rt_association1",
      "provider": "provider[\"registry.terraform.io/hashicorp/aws\"]",
      "instances": [
        {
          "schema_version": 0,
          "attributes": {
            "gateway_id": "",
            "id": "rtbassoc-0abcbc1199aacebcb",
            "route_table_id": "rtb-09cd415466ba79300",
            "subnet_id": "subnet-0dacf972e9bc11700"
          },
          "sensitive_attributes": [],
          "private": "bnVsbA==",
          "dependencies": [
            "aws_eip.motiva_eip",
            "aws_nat_gateway.motiva_nat",
            "aws_route_table.motiva_prv_rtb",
            "aws_subnet.motiva_prv_subnet1",
            "aws_subnet.motiva_pub_subnet1",
            "aws_vpc.motiva_vpc"
          ]
        }
      ]
    },
    {
      "mode": "managed",
      "type": "aws_route_table_association",
      "name": "motiva_prv_rt_association2",
      "provider": "provider[\"registry.terraform.io/hashicorp/aws\"]",
      "instances": [
        {
          "schema_version": 0,
          "attributes": {
            "gateway_id": "",
            "id": "rtbassoc-04338c4f099bb97bf",
            "route_table_id": "rtb-09cd415466ba79300",
            "subnet_id": "subnet-0b5853eb795621918"
          },
          "sensitive_attributes": [],
          "private": "bnVsbA==",
          "dependencies": [
            "aws_eip.motiva_eip",
            "aws_nat_gateway.motiva_nat",
            "aws_route_table.motiva_prv_rtb",
            "aws_subnet.motiva_prv_subnet2",
            "aws_subnet.motiva_pub_subnet1",
            "aws_vpc.motiva_vpc"
          ]
        }
      ]
    },
    {
      "mode": "managed",
      "type": "aws_route_table_association",
      "name": "motiva_pub_rt_association1",
      "provider": "provider[\"registry.terraform.io/hashicorp/aws\"]",
      "instances": [
        {
          "schema_version": 0,
          "attributes": {
            "gateway_id": "",
            "id": "rtbassoc-073a273ce202b861c",
            "route_table_id": "rtb-072a550d4e6c4c5f6",
            "subnet_id": "subnet-051d8bb3dc8347aad"
          },
          "sensitive_attributes": [],
          "private": "bnVsbA==",
          "dependencies": [
            "aws_internet_gateway.motiva_gw",
            "aws_route_table.motiva_Pub_rtb",
            "aws_subnet.motiva_pub_subnet1",
            "aws_vpc.motiva_vpc"
          ]
        }
      ]
    },
    {
      "mode": "managed",
      "type": "aws_route_table_association",
      "name": "motiva_pub_rt_association2",
      "provider": "provider[\"registry.terraform.io/hashicorp/aws\"]",
      "instances": [
        {
          "schema_version": 0,
          "attributes": {
            "gateway_id": "",
            "id": "rtbassoc-06fc21a30f551e981",
            "route_table_id": "rtb-072a550d4e6c4c5f6",
            "subnet_id": "subnet-068a2b9b3aaaf00a6"
          },
          "sensitive_attributes": [],
          "private": "bnVsbA==",
          "dependencies": [
            "aws_internet_gateway.motiva_gw",
            "aws_route_table.motiva_Pub_rtb",
            "aws_subnet.motiva_pub_subnet2",
            "aws_vpc.motiva_vpc"
          ]
        }
      ]
    },
    {
      "mode": "managed",
      "type": "aws_s3_bucket",
      "name": "code-set-10-bucket",
      "provider": "provider[\"registry.terraform.io/hashicorp/aws\"]",
      "instances": [
        {
          "schema_version": 0,
          "attributes": {
            "acceleration_status": "",
            "acl": null,
            "arn": "arn:aws:s3:::code-set-10-bucket",
            "bucket": "code-set-10-bucket",
            "bucket_domain_name": "code-set-10-bucket.s3.amazonaws.com",
            "bucket_prefix": null,
            "bucket_regional_domain_name": "code-set-10-bucket.s3.eu-west-2.amazonaws.com",
            "cors_rule": [],
            "force_destroy": true,
            "grant": [
              {
                "id": "89e9514a1b131b587632c01913a7ccb5a9a36111931c0c567090f2dce208835a",
                "permissions": [
                  "FULL_CONTROL"
                ],
                "type": "CanonicalUser",
                "uri": ""
              }
            ],
            "hosted_zone_id": "Z3GKZC51ZF0DB4",
            "id": "code-set-10-bucket",
            "lifecycle_rule": [],
            "logging": [],
            "object_lock_configuration": [],
            "object_lock_enabled": false,
            "policy": "",
            "region": "eu-west-2",
            "replication_configuration": [],
            "request_payer": "BucketOwner",
            "server_side_encryption_configuration": [],
            "tags": {
              "Name": "code-set-10-bucket"
            },
            "tags_all": {
              "Name": "code-set-10-bucket"
            },
            "timeouts": null,
            "versioning": [
              {
                "enabled": false,
                "mfa_delete": false
              }
            ],
            "website": [],
            "website_domain": null,
            "website_endpoint": null
          },
          "sensitive_attributes": [],
          "private": "eyJlMmJmYjczMC1lY2FhLTExZTYtOGY4OC0zNDM2M2JjN2M0YzAiOnsiY3JlYXRlIjoxMjAwMDAwMDAwMDAwLCJkZWxldGUiOjM2MDAwMDAwMDAwMDAsInJlYWQiOjEyMDAwMDAwMDAwMDAsInVwZGF0ZSI6MTIwMDAwMDAwMDAwMH19"
        }
      ]
    },
    {
      "mode": "managed",
      "type": "aws_s3_bucket",
      "name": "media-set-10-bucket",
      "provider": "provider[\"registry.terraform.io/hashicorp/aws\"]",
      "instances": [
        {
          "schema_version": 0,
          "attributes": {
            "acceleration_status": "",
            "acl": null,
            "arn": "arn:aws:s3:::media-set-10-bucket",
            "bucket": "media-set-10-bucket",
            "bucket_domain_name": "media-set-10-bucket.s3.amazonaws.com",
            "bucket_prefix": null,
            "bucket_regional_domain_name": "media-set-10-bucket.s3.eu-west-2.amazonaws.com",
            "cors_rule": [],
            "force_destroy": true,
            "grant": [
              {
                "id": "",
                "permissions": [
                  "READ"
                ],
                "type": "Group",
                "uri": "http://acs.amazonaws.com/groups/global/AllUsers"
              },
              {
                "id": "89e9514a1b131b587632c01913a7ccb5a9a36111931c0c567090f2dce208835a",
                "permissions": [
                  "FULL_CONTROL"
                ],
                "type": "CanonicalUser",
                "uri": ""
              }
            ],
            "hosted_zone_id": "Z3GKZC51ZF0DB4",
            "id": "media-set-10-bucket",
            "lifecycle_rule": [],
            "logging": [],
            "object_lock_configuration": [],
            "object_lock_enabled": false,
            "policy": "{\"Version\":\"2012-10-17\",\"Statement\":[{\"Sid\":\"PublicReadGetObject\",\"Effect\":\"Allow\",\"Principal\":{\"AWS\":\"*\"},\"Action\":\"s3:*Object\",\"Resource\":\"arn:aws:s3:::media-set-10-bucket/*\"}]}",
            "region": "eu-west-2",
            "replication_configuration": [],
            "request_payer": "BucketOwner",
            "server_side_encryption_configuration": [],
            "tags": {
              "Name": "media-set-10-bucket"
            },
            "tags_all": {
              "Name": "media-set-10-bucket"
            },
            "timeouts": null,
            "versioning": [
              {
                "enabled": false,
                "mfa_delete": false
              }
            ],
            "website": [],
            "website_domain": null,
            "website_endpoint": null
          },
          "sensitive_attributes": [],
          "private": "eyJlMmJmYjczMC1lY2FhLTExZTYtOGY4OC0zNDM2M2JjN2M0YzAiOnsiY3JlYXRlIjoxMjAwMDAwMDAwMDAwLCJkZWxldGUiOjM2MDAwMDAwMDAwMDAsInJlYWQiOjEyMDAwMDAwMDAwMDAsInVwZGF0ZSI6MTIwMDAwMDAwMDAwMH19"
        }
      ]
    },
    {
      "mode": "managed",
      "type": "aws_s3_bucket_acl",
      "name": "motiva-code-acl",
      "provider": "provider[\"registry.terraform.io/hashicorp/aws\"]",
      "instances": [
        {
          "schema_version": 0,
          "attributes": {
            "access_control_policy": [
              {
                "grant": [
                  {
                    "grantee": [
                      {
                        "display_name": "",
                        "email_address": "",
                        "id": "89e9514a1b131b587632c01913a7ccb5a9a36111931c0c567090f2dce208835a",
                        "type": "CanonicalUser",
                        "uri": ""
                      }
                    ],
                    "permission": "FULL_CONTROL"
                  }
                ],
                "owner": [
                  {
                    "display_name": "",
                    "id": "89e9514a1b131b587632c01913a7ccb5a9a36111931c0c567090f2dce208835a"
                  }
                ]
              }
            ],
            "acl": "private",
            "bucket": "code-set-10-bucket",
            "expected_bucket_owner": "",
            "id": "code-set-10-bucket,private"
          },
          "sensitive_attributes": [],
          "private": "bnVsbA==",
          "dependencies": [
            "aws_s3_bucket.code-set-10-bucket"
          ]
        }
      ]
    },
    {
      "mode": "managed",
      "type": "aws_s3_bucket_acl",
      "name": "motiva-media-acl",
      "provider": "provider[\"registry.terraform.io/hashicorp/aws\"]",
      "instances": [
        {
          "schema_version": 0,
          "attributes": {
            "access_control_policy": [
              {
                "grant": [
                  {
                    "grantee": [
                      {
                        "display_name": "",
                        "email_address": "",
                        "id": "",
                        "type": "Group",
                        "uri": "http://acs.amazonaws.com/groups/global/AllUsers"
                      }
                    ],
                    "permission": "READ"
                  },
                  {
                    "grantee": [
                      {
                        "display_name": "",
                        "email_address": "",
                        "id": "89e9514a1b131b587632c01913a7ccb5a9a36111931c0c567090f2dce208835a",
                        "type": "CanonicalUser",
                        "uri": ""
                      }
                    ],
                    "permission": "FULL_CONTROL"
                  }
                ],
                "owner": [
                  {
                    "display_name": "",
                    "id": "89e9514a1b131b587632c01913a7ccb5a9a36111931c0c567090f2dce208835a"
                  }
                ]
              }
            ],
            "acl": "public-read",
            "bucket": "media-set-10-bucket",
            "expected_bucket_owner": "",
            "id": "media-set-10-bucket,public-read"
          },
          "sensitive_attributes": [],
          "private": "bnVsbA==",
          "dependencies": [
            "aws_s3_bucket.media-set-10-bucket"
          ]
        }
      ]
    },
    {
      "mode": "managed",
      "type": "aws_s3_bucket_policy",
      "name": "motiva-s3-policy",
      "provider": "provider[\"registry.terraform.io/hashicorp/aws\"]",
      "instances": [
        {
          "schema_version": 0,
          "attributes": {
            "bucket": "media-set-10-bucket",
            "id": "media-set-10-bucket",
            "policy": "{\"Statement\":[{\"Action\":[\"s3:*Object\"],\"Effect\":\"Allow\",\"Principal\":{\"AWS\":\"*\"},\"Resource\":[\"arn:aws:s3:::media-set-10-bucket/*\"],\"Sid\":\"PublicReadGetObject\"}],\"Version\":\"2012-10-17\"}"
          },
          "sensitive_attributes": [],
          "private": "bnVsbA==",
          "dependencies": [
            "aws_s3_bucket.media-set-10-bucket"
          ]
        }
      ]
    },
    {
      "mode": "managed",
      "type": "aws_security_group",
      "name": "motiva_be_sg",
      "provider": "provider[\"registry.terraform.io/hashicorp/aws\"]",
      "instances": [
        {
          "schema_version": 1,
          "attributes": {
            "arn": "arn:aws:ec2:eu-west-2:420490039960:security-group/sg-0c394f57e6c1147b8",
            "description": "outbound traffic",
            "egress": [
              {
                "cidr_blocks": [
                  "0.0.0.0/0"
                ],
                "description": "",
                "from_port": 0,
                "ipv6_cidr_blocks": [],
                "prefix_list_ids": [],
                "protocol": "-1",
                "security_groups": [],
                "self": false,
                "to_port": 0
              }
            ],
            "id": "sg-0c394f57e6c1147b8",
            "ingress": [
              {
                "cidr_blocks": [
                  "10.0.1.0/24"
                ],
                "description": "From pubsn to DB",
                "from_port": 3306,
                "ipv6_cidr_blocks": [],
                "prefix_list_ids": [],
                "protocol": "tcp",
                "security_groups": [],
                "self": false,
                "to_port": 3306
              }
            ],
            "name": "motiva_be_sg",
            "name_prefix": "",
            "owner_id": "420490039960",
            "revoke_rules_on_delete": false,
            "tags": {
              "Name": "motiva_be_sg"
            },
            "tags_all": {
              "Name": "motiva_be_sg"
            },
            "timeouts": null,
            "vpc_id": "vpc-05cafc63ecc5bd190"
          },
          "sensitive_attributes": [],
          "private": "eyJlMmJmYjczMC1lY2FhLTExZTYtOGY4OC0zNDM2M2JjN2M0YzAiOnsiY3JlYXRlIjo2MDAwMDAwMDAwMDAsImRlbGV0ZSI6OTAwMDAwMDAwMDAwfSwic2NoZW1hX3ZlcnNpb24iOiIxIn0=",
          "dependencies": [
            "aws_vpc.motiva_vpc"
          ]
        }
      ]
    },
    {
      "mode": "managed",
      "type": "aws_security_group",
      "name": "motiva_fe_sg",
      "provider": "provider[\"registry.terraform.io/hashicorp/aws\"]",
      "instances": [
        {
          "schema_version": 1,
          "attributes": {
            "arn": "arn:aws:ec2:eu-west-2:420490039960:security-group/sg-0f1dd32a89bd03833",
            "description": "inbound traffic",
            "egress": [
              {
                "cidr_blocks": [
                  "0.0.0.0/0"
                ],
                "description": "",
                "from_port": 0,
                "ipv6_cidr_blocks": [],
                "prefix_list_ids": [],
                "protocol": "-1",
                "security_groups": [],
                "self": false,
                "to_port": 0
              }
            ],
            "id": "sg-0f1dd32a89bd03833",
            "ingress": [
              {
                "cidr_blocks": [
                  "0.0.0.0/0"
                ],
                "description": "HTTP",
                "from_port": 80,
                "ipv6_cidr_blocks": [],
                "prefix_list_ids": [],
                "protocol": "tcp",
                "security_groups": [],
                "self": false,
                "to_port": 80
              },
              {
                "cidr_blocks": [
                  "0.0.0.0/0"
                ],
                "description": "SHH",
                "from_port": 22,
                "ipv6_cidr_blocks": [],
                "prefix_list_ids": [],
                "protocol": "tcp",
                "security_groups": [],
                "self": false,
                "to_port": 22
              }
            ],
            "name": "motiva_fe_sg",
            "name_prefix": "",
            "owner_id": "420490039960",
            "revoke_rules_on_delete": false,
            "tags": {
              "Name": "motiva_fe_sg"
            },
            "tags_all": {
              "Name": "motiva_fe_sg"
            },
            "timeouts": null,
            "vpc_id": "vpc-05cafc63ecc5bd190"
          },
          "sensitive_attributes": [],
          "private": "eyJlMmJmYjczMC1lY2FhLTExZTYtOGY4OC0zNDM2M2JjN2M0YzAiOnsiY3JlYXRlIjo2MDAwMDAwMDAwMDAsImRlbGV0ZSI6OTAwMDAwMDAwMDAwfSwic2NoZW1hX3ZlcnNpb24iOiIxIn0=",
          "dependencies": [
            "aws_vpc.motiva_vpc"
          ]
        }
      ]
    },
    {
      "mode": "managed",
      "type": "aws_subnet",
      "name": "motiva_prv_subnet1",
      "provider": "provider[\"registry.terraform.io/hashicorp/aws\"]",
      "instances": [
        {
          "schema_version": 1,
          "attributes": {
            "arn": "arn:aws:ec2:eu-west-2:420490039960:subnet/subnet-0dacf972e9bc11700",
            "assign_ipv6_address_on_creation": false,
            "availability_zone": "eu-west-2a",
            "availability_zone_id": "euw2-az2",
            "cidr_block": "10.0.3.0/24",
            "customer_owned_ipv4_pool": "",
            "enable_dns64": false,
            "enable_resource_name_dns_a_record_on_launch": false,
            "enable_resource_name_dns_aaaa_record_on_launch": false,
            "id": "subnet-0dacf972e9bc11700",
            "ipv6_cidr_block": "",
            "ipv6_cidr_block_association_id": "",
            "ipv6_native": false,
            "map_customer_owned_ip_on_launch": false,
            "map_public_ip_on_launch": false,
            "outpost_arn": "",
            "owner_id": "420490039960",
            "private_dns_hostname_type_on_launch": "ip-name",
            "tags": {
              "Name": "motiva_prv_subnet1"
            },
            "tags_all": {
              "Name": "motiva_prv_subnet1"
            },
            "timeouts": null,
            "vpc_id": "vpc-05cafc63ecc5bd190"
          },
          "sensitive_attributes": [],
          "private": "eyJlMmJmYjczMC1lY2FhLTExZTYtOGY4OC0zNDM2M2JjN2M0YzAiOnsiY3JlYXRlIjo2MDAwMDAwMDAwMDAsImRlbGV0ZSI6MTIwMDAwMDAwMDAwMH0sInNjaGVtYV92ZXJzaW9uIjoiMSJ9",
          "dependencies": [
            "aws_vpc.motiva_vpc"
          ]
        }
      ]
    },
    {
      "mode": "managed",
      "type": "aws_subnet",
      "name": "motiva_prv_subnet2",
      "provider": "provider[\"registry.terraform.io/hashicorp/aws\"]",
      "instances": [
        {
          "schema_version": 1,
          "attributes": {
            "arn": "arn:aws:ec2:eu-west-2:420490039960:subnet/subnet-0b5853eb795621918",
            "assign_ipv6_address_on_creation": false,
            "availability_zone": "eu-west-2b",
            "availability_zone_id": "euw2-az3",
            "cidr_block": "10.0.4.0/24",
            "customer_owned_ipv4_pool": "",
            "enable_dns64": false,
            "enable_resource_name_dns_a_record_on_launch": false,
            "enable_resource_name_dns_aaaa_record_on_launch": false,
            "id": "subnet-0b5853eb795621918",
            "ipv6_cidr_block": "",
            "ipv6_cidr_block_association_id": "",
            "ipv6_native": false,
            "map_customer_owned_ip_on_launch": false,
            "map_public_ip_on_launch": false,
            "outpost_arn": "",
            "owner_id": "420490039960",
            "private_dns_hostname_type_on_launch": "ip-name",
            "tags": {
              "Name": "motiva_prv_subnet2"
            },
            "tags_all": {
              "Name": "motiva_prv_subnet2"
            },
            "timeouts": null,
            "vpc_id": "vpc-05cafc63ecc5bd190"
          },
          "sensitive_attributes": [],
          "private": "eyJlMmJmYjczMC1lY2FhLTExZTYtOGY4OC0zNDM2M2JjN2M0YzAiOnsiY3JlYXRlIjo2MDAwMDAwMDAwMDAsImRlbGV0ZSI6MTIwMDAwMDAwMDAwMH0sInNjaGVtYV92ZXJzaW9uIjoiMSJ9",
          "dependencies": [
            "aws_vpc.motiva_vpc"
          ]
        }
      ]
    },
    {
      "mode": "managed",
      "type": "aws_subnet",
      "name": "motiva_pub_subnet1",
      "provider": "provider[\"registry.terraform.io/hashicorp/aws\"]",
      "instances": [
        {
          "schema_version": 1,
          "attributes": {
            "arn": "arn:aws:ec2:eu-west-2:420490039960:subnet/subnet-051d8bb3dc8347aad",
            "assign_ipv6_address_on_creation": false,
            "availability_zone": "eu-west-2a",
            "availability_zone_id": "euw2-az2",
            "cidr_block": "10.0.1.0/24",
            "customer_owned_ipv4_pool": "",
            "enable_dns64": false,
            "enable_resource_name_dns_a_record_on_launch": false,
            "enable_resource_name_dns_aaaa_record_on_launch": false,
            "id": "subnet-051d8bb3dc8347aad",
            "ipv6_cidr_block": "",
            "ipv6_cidr_block_association_id": "",
            "ipv6_native": false,
            "map_customer_owned_ip_on_launch": false,
            "map_public_ip_on_launch": false,
            "outpost_arn": "",
            "owner_id": "420490039960",
            "private_dns_hostname_type_on_launch": "ip-name",
            "tags": {
              "Name": "motiva_pub_subnet1"
            },
            "tags_all": {
              "Name": "motiva_pub_subnet1"
            },
            "timeouts": null,
            "vpc_id": "vpc-05cafc63ecc5bd190"
          },
          "sensitive_attributes": [],
          "private": "eyJlMmJmYjczMC1lY2FhLTExZTYtOGY4OC0zNDM2M2JjN2M0YzAiOnsiY3JlYXRlIjo2MDAwMDAwMDAwMDAsImRlbGV0ZSI6MTIwMDAwMDAwMDAwMH0sInNjaGVtYV92ZXJzaW9uIjoiMSJ9",
          "dependencies": [
            "aws_vpc.motiva_vpc"
          ]
        }
      ]
    },
    {
      "mode": "managed",
      "type": "aws_subnet",
      "name": "motiva_pub_subnet2",
      "provider": "provider[\"registry.terraform.io/hashicorp/aws\"]",
      "instances": [
        {
          "schema_version": 1,
          "attributes": {
            "arn": "arn:aws:ec2:eu-west-2:420490039960:subnet/subnet-068a2b9b3aaaf00a6",
            "assign_ipv6_address_on_creation": false,
            "availability_zone": "eu-west-2b",
            "availability_zone_id": "euw2-az3",
            "cidr_block": "10.0.2.0/24",
            "customer_owned_ipv4_pool": "",
            "enable_dns64": false,
            "enable_resource_name_dns_a_record_on_launch": false,
            "enable_resource_name_dns_aaaa_record_on_launch": false,
            "id": "subnet-068a2b9b3aaaf00a6",
            "ipv6_cidr_block": "",
            "ipv6_cidr_block_association_id": "",
            "ipv6_native": false,
            "map_customer_owned_ip_on_launch": false,
            "map_public_ip_on_launch": false,
            "outpost_arn": "",
            "owner_id": "420490039960",
            "private_dns_hostname_type_on_launch": "ip-name",
            "tags": {
              "Name": "motiva_pub_subnet2"
            },
            "tags_all": {
              "Name": "motiva_pub_subnet2"
            },
            "timeouts": null,
            "vpc_id": "vpc-05cafc63ecc5bd190"
          },
          "sensitive_attributes": [],
          "private": "eyJlMmJmYjczMC1lY2FhLTExZTYtOGY4OC0zNDM2M2JjN2M0YzAiOnsiY3JlYXRlIjo2MDAwMDAwMDAwMDAsImRlbGV0ZSI6MTIwMDAwMDAwMDAwMH0sInNjaGVtYV92ZXJzaW9uIjoiMSJ9",
          "dependencies": [
            "aws_vpc.motiva_vpc"
          ]
        }
      ]
    },
    {
      "mode": "managed",
      "type": "aws_vpc",
      "name": "motiva_vpc",
      "provider": "provider[\"registry.terraform.io/hashicorp/aws\"]",
      "instances": [
        {
          "schema_version": 1,
          "attributes": {
            "arn": "arn:aws:ec2:eu-west-2:420490039960:vpc/vpc-05cafc63ecc5bd190",
            "assign_generated_ipv6_cidr_block": false,
            "cidr_block": "10.0.0.0/16",
            "default_network_acl_id": "acl-0788ddc05ef377619",
            "default_route_table_id": "rtb-07d5ae8b90645c733",
            "default_security_group_id": "sg-04e978acd2ebd861a",
            "dhcp_options_id": "dopt-001554bcebcd10032",
            "enable_classiclink": false,
            "enable_classiclink_dns_support": false,
            "enable_dns_hostnames": false,
            "enable_dns_support": true,
            "enable_network_address_usage_metrics": false,
            "id": "vpc-05cafc63ecc5bd190",
            "instance_tenancy": "default",
            "ipv4_ipam_pool_id": null,
            "ipv4_netmask_length": null,
            "ipv6_association_id": "",
            "ipv6_cidr_block": "",
            "ipv6_cidr_block_network_border_group": "",
            "ipv6_ipam_pool_id": "",
            "ipv6_netmask_length": 0,
            "main_route_table_id": "rtb-07d5ae8b90645c733",
            "owner_id": "420490039960",
            "tags": {
              "Name": "motiva_vpc"
            },
            "tags_all": {
              "Name": "motiva_vpc"
            }
          },
          "sensitive_attributes": [],
          "private": "eyJzY2hlbWFfdmVyc2lvbiI6IjEifQ=="
        }
      ]
    }
  ],
  "check_results": []
}
